
Microsoft Visual Studio Solution File, Format Version 12.00
# Visual Studio Version 17
VisualStudioVersion = 17.5.33530.505
MinimumVisualStudioVersion = 10.0.40219.1
Project("{9A19103F-16F7-4668-BE54-9A1E7A4F7556}") = "Business", "Business\Business.csproj", "{D922804F-4CD0-40C2-BE46-8542C624F771}"
EndProject
Project("{9A19103F-16F7-4668-BE54-9A1E7A4F7556}") = "Data", "Data\Data.csproj", "{372AAF51-0796-4393-9E4E-D60A9A30ABC3}"
EndProject
Project("{9A19103F-16F7-4668-BE54-9A1E7A4F7556}") = "Service", "Service\Service.csproj", "{5C883CDB-E7CF-4E14-959D-E93E2450CC91}"
EndProject
Project("{9A19103F-16F7-4668-BE54-9A1E7A4F7556}") = "PublicApi", "PublicApi\PublicApi.csproj", "{C00C3C38-BE24-48E5-BB47-889A4AEBC9CA}"
EndProject
Project("{2150E333-8FDC-42A3-9474-1A3956D46DE8}") = "1.API", "1.API", "{5ECEA755-6F72-41D9-B027-382B3E3FE33B}"
EndProject
Project("{2150E333-8FDC-42A3-9474-1A3956D46DE8}") = "2.Business", "2.Business", "{8AA2456D-FACD-4DCC-9EE3-FFC59F159DB7}"
EndProject
Project("{2150E333-8FDC-42A3-9474-1A3956D46DE8}") = "3.Service", "3.Service", "{4725C7D5-375D-4502-9D5A-C8259D1EFB4E}"
EndProject
Project("{2150E333-8FDC-42A3-9474-1A3956D46DE8}") = "4.Data", "4.Data", "{F2672E7C-9C4B-46C4-8D8F-15C0E4740795}"
EndProject
Project("{9A19103F-16F7-4668-BE54-9A1E7A4F7556}") = "MailSender", "MailSender\MailSender.csproj", "{FDEDF5F8-93F4-4C41-A733-D76F0908B340}"
EndProject
Project("{2150E333-8FDC-42A3-9474-1A3956D46DE8}") = "5.Others", "5.Others", "{FBB49823-07E3-40C3-B6A4-9DB63D7DD8A6}"
EndProject
Project("{9A19103F-16F7-4668-BE54-9A1E7A4F7556}") = "CardGenerator", "CardGenerator\CardGenerator.csproj", "{23A9D221-142B-4A29-A39E-9B3C78F2B7CC}"
EndProject
Project("{9A19103F-16F7-4668-BE54-9A1E7A4F7556}") = "IntegrationApp", "IntegrationApp\IntegrationApp.csproj", "{734E58FF-860B-4530-8100-39D6BDB70004}"
EndProject
Project("{2150E333-8FDC-42A3-9474-1A3956D46DE8}") = "0.FrontEnd", "0.FrontEnd", "{4BFB6D77-D2D3-4A6C-90A4-BE7D43598789}"
EndProject
Project("{FAE04EC0-301F-11D3-BF4B-00C04F79EFBC}") = "FrontEnd", "..\2.Admin\FrontEnd.csproj", "{FE79449A-2061-445E-99E9-000809B8FF91}"
EndProject
Project("{FAE04EC0-301F-11D3-BF4B-00C04F79EFBC}") = "LandingAndProfile", "..\1.Landing\LandingAndProfile.csproj", "{A5CC5DCC-0032-4EBF-BFB9-4B860BD41CEE}"
EndProject
Global
	GlobalSection(SolutionConfigurationPlatforms) = preSolution
		Debug|Any CPU = Debug|Any CPU
		Release|Any CPU = Release|Any CPU
	EndGlobalSection
	GlobalSection(ProjectConfigurationPlatforms) = postSolution
		{D922804F-4CD0-40C2-BE46-8542C624F771}.Debug|Any CPU.ActiveCfg = Debug|Any CPU
		{D922804F-4CD0-40C2-BE46-8542C624F771}.Debug|Any CPU.Build.0 = Debug|Any CPU
		{D922804F-4CD0-40C2-BE46-8542C624F771}.Release|Any CPU.ActiveCfg = Release|Any CPU
		{D922804F-4CD0-40C2-BE46-8542C624F771}.Release|Any CPU.Build.0 = Release|Any CPU
		{372AAF51-0796-4393-9E4E-D60A9A30ABC3}.Debug|Any CPU.ActiveCfg = Debug|Any CPU
		{372AAF51-0796-4393-9E4E-D60A9A30ABC3}.Debug|Any CPU.Build.0 = Debug|Any CPU
		{372AAF51-0796-4393-9E4E-D60A9A30ABC3}.Release|Any CPU.ActiveCfg = Release|Any CPU
		{372AAF51-0796-4393-9E4E-D60A9A30ABC3}.Release|Any CPU.Build.0 = Release|Any CPU
		{5C883CDB-E7CF-4E14-959D-E93E2450CC91}.Debug|Any CPU.ActiveCfg = Debug|Any CPU
		{5C883CDB-E7CF-4E14-959D-E93E2450CC91}.Debug|Any CPU.Build.0 = Debug|Any CPU
		{5C883CDB-E7CF-4E14-959D-E93E2450CC91}.Release|Any CPU.ActiveCfg = Release|Any CPU
		{5C883CDB-E7CF-4E14-959D-E93E2450CC91}.Release|Any CPU.Build.0 = Release|Any CPU
		{C00C3C38-BE24-48E5-BB47-889A4AEBC9CA}.Debug|Any CPU.ActiveCfg = Debug|Any CPU
		{C00C3C38-BE24-48E5-BB47-889A4AEBC9CA}.Debug|Any CPU.Build.0 = Debug|Any CPU
		{C00C3C38-BE24-48E5-BB47-889A4AEBC9CA}.Release|Any CPU.ActiveCfg = Release|Any CPU
		{C00C3C38-BE24-48E5-BB47-889A4AEBC9CA}.Release|Any CPU.Build.0 = Release|Any CPU
		{FDEDF5F8-93F4-4C41-A733-D76F0908B340}.Debug|Any CPU.ActiveCfg = Debug|Any CPU
		{FDEDF5F8-93F4-4C41-A733-D76F0908B340}.Debug|Any CPU.Build.0 = Debug|Any CPU
		{FDEDF5F8-93F4-4C41-A733-D76F0908B340}.Release|Any CPU.ActiveCfg = Release|Any CPU
		{FDEDF5F8-93F4-4C41-A733-D76F0908B340}.Release|Any CPU.Build.0 = Release|Any CPU
		{23A9D221-142B-4A29-A39E-9B3C78F2B7CC}.Debug|Any CPU.ActiveCfg = Debug|Any CPU
		{23A9D221-142B-4A29-A39E-9B3C78F2B7CC}.Debug|Any CPU.Build.0 = Debug|Any CPU
		{23A9D221-142B-4A29-A39E-9B3C78F2B7CC}.Release|Any CPU.ActiveCfg = Release|Any CPU
		{23A9D221-142B-4A29-A39E-9B3C78F2B7CC}.Release|Any CPU.Build.0 = Release|Any CPU
		{734E58FF-860B-4530-8100-39D6BDB70004}.Debug|Any CPU.ActiveCfg = Debug|Any CPU
		{734E58FF-860B-4530-8100-39D6BDB70004}.Debug|Any CPU.Build.0 = Debug|Any CPU
		{734E58FF-860B-4530-8100-39D6BDB70004}.Release|Any CPU.ActiveCfg = Release|Any CPU
		{734E58FF-860B-4530-8100-39D6BDB70004}.Release|Any CPU.Build.0 = Release|Any CPU
		{FE79449A-2061-445E-99E9-000809B8FF91}.Debug|Any CPU.ActiveCfg = Debug|Any CPU
		{FE79449A-2061-445E-99E9-000809B8FF91}.Release|Any CPU.ActiveCfg = Release|Any CPU
		{FE79449A-2061-445E-99E9-000809B8FF91}.Release|Any CPU.Build.0 = Release|Any CPU
		{A5CC5DCC-0032-4EBF-BFB9-4B860BD41CEE}.Debug|Any CPU.ActiveCfg = Debug|Any CPU
		{A5CC5DCC-0032-4EBF-BFB9-4B860BD41CEE}.Release|Any CPU.ActiveCfg = Release|Any CPU
		{A5CC5DCC-0032-4EBF-BFB9-4B860BD41CEE}.Release|Any CPU.Build.0 = Release|Any CPU
	EndGlobalSection
	GlobalSection(SolutionProperties) = preSolution
		HideSolutionNode = FALSE
	EndGlobalSection
	GlobalSection(NestedProjects) = preSolution
		{D922804F-4CD0-40C2-BE46-8542C624F771} = {8AA2456D-FACD-4DCC-9EE3-FFC59F159DB7}
		{372AAF51-0796-4393-9E4E-D60A9A30ABC3} = {F2672E7C-9C4B-46C4-8D8F-15C0E4740795}
		{5C883CDB-E7CF-4E14-959D-E93E2450CC91} = {4725C7D5-375D-4502-9D5A-C8259D1EFB4E}
		{C00C3C38-BE24-48E5-BB47-889A4AEBC9CA} = {5ECEA755-6F72-41D9-B027-382B3E3FE33B}
		{FDEDF5F8-93F4-4C41-A733-D76F0908B340} = {4725C7D5-375D-4502-9D5A-C8259D1EFB4E}
		{23A9D221-142B-4A29-A39E-9B3C78F2B7CC} = {FBB49823-07E3-40C3-B6A4-9DB63D7DD8A6}
		{734E58FF-860B-4530-8100-39D6BDB70004} = {FBB49823-07E3-40C3-B6A4-9DB63D7DD8A6}
		{FE79449A-2061-445E-99E9-000809B8FF91} = {4BFB6D77-D2D3-4A6C-90A4-BE7D43598789}
		{A5CC5DCC-0032-4EBF-BFB9-4B860BD41CEE} = {4BFB6D77-D2D3-4A6C-90A4-BE7D43598789}
	EndGlobalSection
	GlobalSection(ExtensibilityGlobals) = postSolution
		SolutionGuid = {33663BE5-0FA1-46E4-AFAD-3F16D6BD052D}
	EndGlobalSection
EndGlobal
